
Microsoft Visual Studio Solution File, Format Version 12.00
# Visual Studio Version 17
VisualStudioVersion = 17.3.32929.385
MinimumVisualStudioVersion = 10.0.40219.1
Project("{FAE04EC0-301F-11D3-BF4B-00C04F79EFBC}") = "PasswordGenerator", "PasswordGenerator\PasswordGenerator.csproj", "{B4DC8380-E9D5-4D61-8EA4-A1119313A361}"
EndProject
Global
	GlobalSection(SolutionConfigurationPlatforms) = preSolution
		Debug|Any CPU = Debug|Any CPU
		Release|Any CPU = Release|Any CPU
	EndGlobalSection
	GlobalSection(ProjectConfigurationPlatforms) = postSolution
		{B4DC8380-E9D5-4D61-8EA4-A1119313A361}.Debug|Any CPU.ActiveCfg = Debug|Any CPU
		{B4DC8380-E9D5-4D61-8EA4-A1119313A361}.Debug|Any CPU.Build.0 = Debug|Any CPU
		{B4DC8380-E9D5-4D61-8EA4-A1119313A361}.Release|Any CPU.ActiveCfg = Release|Any CPU
		{B4DC8380-E9D5-4D61-8EA4-A1119313A361}.Release|Any CPU.Build.0 = Release|Any CPU
	EndGlobalSection
	GlobalSection(SolutionProperties) = preSolution
		HideSolutionNode = FALSE
	EndGlobalSection
	GlobalSection(ExtensibilityGlobals) = postSolution
		SolutionGuid = {D5F357B3-A717-41AA-9892-B46E5A236244}
	EndGlobalSection
EndGlobal
